
Microsoft Visual Studio Solution File, Format Version 12.00
# Visual Studio 14
VisualStudioVersion = 14.0.25420.1
MinimumVisualStudioVersion = 10.0.40219.1
Project("{FAE04EC0-301F-11D3-BF4B-00C04F79EFBC}") = "App1", "App1\App1.csproj", "{97FDB436-CF05-406C-9D38-ACD82E9651CB}"
EndProject
Project("{FAE04EC0-301F-11D3-BF4B-00C04F79EFBC}") = "App2", "App2\App2.csproj", "{DB14A06E-C063-43C0-819A-79DBC94CCD33}"
EndProject
Global
	GlobalSection(SolutionConfigurationPlatforms) = preSolution
		Debug|Any CPU = Debug|Any CPU
		Debug|ARM = Debug|ARM
		Debug|x64 = Debug|x64
		Debug|x86 = Debug|x86
		Release|Any CPU = Release|Any CPU
		Release|ARM = Release|ARM
		Release|x64 = Release|x64
		Release|x86 = Release|x86
	EndGlobalSection
	GlobalSection(ProjectConfigurationPlatforms) = postSolution
		{97FDB436-CF05-406C-9D38-ACD82E9651CB}.Debug|Any CPU.ActiveCfg = Debug|Any CPU
		{97FDB436-CF05-406C-9D38-ACD82E9651CB}.Debug|Any CPU.Build.0 = Debug|Any CPU
		{97FDB436-CF05-406C-9D38-ACD82E9651CB}.Debug|Any CPU.Deploy.0 = Debug|Any CPU
		{97FDB436-CF05-406C-9D38-ACD82E9651CB}.Debug|ARM.ActiveCfg = Debug|ARM
		{97FDB436-CF05-406C-9D38-ACD82E9651CB}.Debug|ARM.Build.0 = Debug|ARM
		{97FDB436-CF05-406C-9D38-ACD82E9651CB}.Debug|ARM.Deploy.0 = Debug|ARM
		{97FDB436-CF05-406C-9D38-ACD82E9651CB}.Debug|x64.ActiveCfg = Debug|x64
		{97FDB436-CF05-406C-9D38-ACD82E9651CB}.Debug|x64.Build.0 = Debug|x64
		{97FDB436-CF05-406C-9D38-ACD82E9651CB}.Debug|x64.Deploy.0 = Debug|x64
		{97FDB436-CF05-406C-9D38-ACD82E9651CB}.Debug|x86.ActiveCfg = Debug|x86
		{97FDB436-CF05-406C-9D38-ACD82E9651CB}.Debug|x86.Build.0 = Debug|x86
		{97FDB436-CF05-406C-9D38-ACD82E9651CB}.Debug|x86.Deploy.0 = Debug|x86
		{97FDB436-CF05-406C-9D38-ACD82E9651CB}.Release|Any CPU.ActiveCfg = Release|Any CPU
		{97FDB436-CF05-406C-9D38-ACD82E9651CB}.Release|Any CPU.Build.0 = Release|Any CPU
		{97FDB436-CF05-406C-9D38-ACD82E9651CB}.Release|Any CPU.Deploy.0 = Release|Any CPU
		{97FDB436-CF05-406C-9D38-ACD82E9651CB}.Release|ARM.ActiveCfg = Release|ARM
		{97FDB436-CF05-406C-9D38-ACD82E9651CB}.Release|ARM.Build.0 = Release|ARM
		{97FDB436-CF05-406C-9D38-ACD82E9651CB}.Release|ARM.Deploy.0 = Release|ARM
		{97FDB436-CF05-406C-9D38-ACD82E9651CB}.Release|x64.ActiveCfg = Release|x64
		{97FDB436-CF05-406C-9D38-ACD82E9651CB}.Release|x64.Build.0 = Release|x64
		{97FDB436-CF05-406C-9D38-ACD82E9651CB}.Release|x64.Deploy.0 = Release|x64
		{97FDB436-CF05-406C-9D38-ACD82E9651CB}.Release|x86.ActiveCfg = Release|x86
		{97FDB436-CF05-406C-9D38-ACD82E9651CB}.Release|x86.Build.0 = Release|x86
		{97FDB436-CF05-406C-9D38-ACD82E9651CB}.Release|x86.Deploy.0 = Release|x86
		{DB14A06E-C063-43C0-819A-79DBC94CCD33}.Debug|Any CPU.ActiveCfg = Debug|Any CPU
		{DB14A06E-C063-43C0-819A-79DBC94CCD33}.Debug|Any CPU.Build.0 = Debug|Any CPU
		{DB14A06E-C063-43C0-819A-79DBC94CCD33}.Debug|Any CPU.Deploy.0 = Debug|Any CPU
		{DB14A06E-C063-43C0-819A-79DBC94CCD33}.Debug|ARM.ActiveCfg = Debug|Any CPU
		{DB14A06E-C063-43C0-819A-79DBC94CCD33}.Debug|ARM.Build.0 = Debug|Any CPU
		{DB14A06E-C063-43C0-819A-79DBC94CCD33}.Debug|ARM.Deploy.0 = Debug|Any CPU
		{DB14A06E-C063-43C0-819A-79DBC94CCD33}.Debug|x64.ActiveCfg = Debug|x64
		{DB14A06E-C063-43C0-819A-79DBC94CCD33}.Debug|x64.Build.0 = Debug|x64
		{DB14A06E-C063-43C0-819A-79DBC94CCD33}.Debug|x64.Deploy.0 = Debug|x64
		{DB14A06E-C063-43C0-819A-79DBC94CCD33}.Debug|x86.ActiveCfg = Debug|x86
		{DB14A06E-C063-43C0-819A-79DBC94CCD33}.Debug|x86.Build.0 = Debug|x86
		{DB14A06E-C063-43C0-819A-79DBC94CCD33}.Debug|x86.Deploy.0 = Debug|x86
		{DB14A06E-C063-43C0-819A-79DBC94CCD33}.Release|Any CPU.ActiveCfg = Release|Any CPU
		{DB14A06E-C063-43C0-819A-79DBC94CCD33}.Release|Any CPU.Build.0 = Release|Any CPU
		{DB14A06E-C063-43C0-819A-79DBC94CCD33}.Release|Any CPU.Deploy.0 = Release|Any CPU
		{DB14A06E-C063-43C0-819A-79DBC94CCD33}.Release|ARM.ActiveCfg = Release|Any CPU
		{DB14A06E-C063-43C0-819A-79DBC94CCD33}.Release|ARM.Build.0 = Release|Any CPU
		{DB14A06E-C063-43C0-819A-79DBC94CCD33}.Release|ARM.Deploy.0 = Release|Any CPU
		{DB14A06E-C063-43C0-819A-79DBC94CCD33}.Release|x64.ActiveCfg = Release|x64
		{DB14A06E-C063-43C0-819A-79DBC94CCD33}.Release|x64.Build.0 = Release|x64
		{DB14A06E-C063-43C0-819A-79DBC94CCD33}.Release|x64.Deploy.0 = Release|x64
		{DB14A06E-C063-43C0-819A-79DBC94CCD33}.Release|x86.ActiveCfg = Release|x86
		{DB14A06E-C063-43C0-819A-79DBC94CCD33}.Release|x86.Build.0 = Release|x86
		{DB14A06E-C063-43C0-819A-79DBC94CCD33}.Release|x86.Deploy.0 = Release|x86
	EndGlobalSection
	GlobalSection(SolutionProperties) = preSolution
		HideSolutionNode = FALSE
	EndGlobalSection
EndGlobal
